<?xml version="1.0" encoding="utf-8"?>
<Project ToolsVersion="4.0" xmlns="http://schemas.microsoft.com/developer/msbuild/2003">
  <ItemGroup>
    <Filter Include="Pliki źródłowe">
      <UniqueIdentifier>{4FC737F1-C7A5-4376-A066-2A32D752A2FF}</UniqueIdentifier>
      <Extensions>cpp;c;cc;cxx;c++;cppm;ixx;def;odl;idl;hpj;bat;asm;asmx</Extensions>
    </Filter>
    <Filter Include="Pliki nagłówkowe">
      <UniqueIdentifier>{93995380-89BD-4b04-88EB-625FBE52EBFB}</UniqueIdentifier>
      <Extensions>h;hh;hpp;hxx;h++;hm;inl;inc;ipp;xsd</Extensions>
    </Filter>
    <Filter Include="Pliki zasobów">
      <UniqueIdentifier>{67DA6AB6-F800-4c08-8B7A-83BB121AAD01}</UniqueIdentifier>
      <Extensions>rc;ico;cur;bmp;dlg;rc2;rct;bin;rgs;gif;jpg;jpeg;jpe;resx;tiff;tif;png;wav;mfcribbon-ms</Extensions>
    </Filter>
    <Filter Include="Pliki źródłowe\Control">
      <UniqueIdentifier>{2df19282-e191-4421-ae9c-3cd9f325531b}</UniqueIdentifier>
    </Filter>
    <Filter Include="Pliki źródłowe\Engine">
      <UniqueIdentifier>{3ace7782-f858-43f7-aba5-ee77a48b8cc2}</UniqueIdentifier>
    </Filter>
    <Filter Include="Pliki źródłowe\Engine\Entity">
      <UniqueIdentifier>{5a042de0-875b-4e07-81ec-2abb226c7177}</UniqueIdentifier>
    </Filter>
    <Filter Include="Pliki źródłowe\Engine\Items">
      <UniqueIdentifier>{beac7371-2696-457a-aa39-0964cd4d7d4c}</UniqueIdentifier>
    </Filter>
    <Filter Include="Pliki źródłowe\Graphic">
      <UniqueIdentifier>{54c4e9a9-20fa-4b5b-a1f2-4073fd7bb2af}</UniqueIdentifier>
    </Filter>
    <Filter Include="Pliki źródłowe\Shared">
      <UniqueIdentifier>{db1d87e5-b61c-4e08-9d17-d0d3aef0ec56}</UniqueIdentifier>
    </Filter>
  </ItemGroup>
  <ItemGroup>
    <ClCompile Include="control\control.cpp">
      <Filter>Pliki źródłowe\Control</Filter>
    </ClCompile>
    <ClCompile Include="engine\arena.cpp">
      <Filter>Pliki źródłowe\Engine</Filter>
    </ClCompile>
    <ClCompile Include="engine\game.cpp">
      <Filter>Pliki źródłowe\Engine</Filter>
    </ClCompile>
    <ClCompile Include="engine\profile.cpp">
      <Filter>Pliki źródłowe\Engine</Filter>
    </ClCompile>
    <ClCompile Include="engine\Entity\entity.cpp">
      <Filter>Pliki źródłowe\Engine\Entity</Filter>
    </ClCompile>
    <ClCompile Include="engine\Entity\hero.cpp">
      <Filter>Pliki źródłowe\Engine\Entity</Filter>
    </ClCompile>
    <ClCompile Include="engine\Items\item.cpp">
      <Filter>Pliki źródłowe\Engine\Items</Filter>
    </ClCompile>
    <ClCompile Include="engine\Items\weapon.cpp">
      <Filter>Pliki źródłowe\Engine\Items</Filter>
    </ClCompile>
    <ClCompile Include="graphic\graphic.cpp">
      <Filter>Pliki źródłowe\Graphic</Filter>
    </ClCompile>
    <ClCompile Include="shared\map.cpp">
      <Filter>Pliki źródłowe\Shared</Filter>
    </ClCompile>
    <ClCompile Include="main.cpp">
      <Filter>Pliki źródłowe</Filter>
    </ClCompile>
    <ClCompile Include="shared\consts.cpp">
      <Filter>Pliki źródłowe\Shared</Filter>
    </ClCompile>
    <ClCompile Include="headers\position.cpp">
      <Filter>Pliki źródłowe</Filter>
    </ClCompile>
    <ClCompile Include="shared\unique.cpp">
      <Filter>Pliki źródłowe\Shared</Filter>
    </ClCompile>
  </ItemGroup>
  <ItemGroup>
    <ClInclude Include="headers\arena.hpp">
      <Filter>Pliki nagłówkowe</Filter>
    </ClInclude>
    <ClInclude Include="headers\control.hpp">
      <Filter>Pliki nagłówkowe</Filter>
    </ClInclude>
    <ClInclude Include="headers\direction.hpp">
      <Filter>Pliki nagłówkowe</Filter>
    </ClInclude>
    <ClInclude Include="headers\enemy.hpp">
      <Filter>Pliki nagłówkowe</Filter>
    </ClInclude>
    <ClInclude Include="headers\entity.hpp">
      <Filter>Pliki nagłówkowe</Filter>
    </ClInclude>
    <ClInclude Include="headers\game.hpp">
      <Filter>Pliki nagłówkowe</Filter>
    </ClInclude>
    <ClInclude Include="headers\graphic.hpp">
      <Filter>Pliki nagłówkowe</Filter>
    </ClInclude>
    <ClInclude Include="headers\hero.hpp">
      <Filter>Pliki nagłówkowe</Filter>
    </ClInclude>
    <ClInclude Include="headers\item.hpp">
      <Filter>Pliki nagłówkowe</Filter>
    </ClInclude>
    <ClInclude Include="headers\map.hpp">
      <Filter>Pliki nagłówkowe</Filter>
    </ClInclude>
    <ClInclude Include="headers\position.hpp">
      <Filter>Pliki nagłówkowe</Filter>
    </ClInclude>
    <ClInclude Include="headers\profession.hpp">
      <Filter>Pliki nagłówkowe</Filter>
    </ClInclude>
    <ClInclude Include="headers\profile.hpp">
      <Filter>Pliki nagłówkowe</Filter>
    </ClInclude>
    <ClInclude Include="headers\rng.hpp">
      <Filter>Pliki nagłówkowe</Filter>
    </ClInclude>
    <ClInclude Include="headers\status.hpp">
      <Filter>Pliki nagłówkowe</Filter>
    </ClInclude>
    <ClInclude Include="headers\weapon.hpp">
      <Filter>Pliki nagłówkowe</Filter>
    </ClInclude>
    <ClInclude Include="headers\consts.hpp">
      <Filter>Pliki nagłówkowe</Filter>
    </ClInclude>
    <ClInclude Include="headers\unique.hpp">
      <Filter>Pliki nagłówkowe</Filter>
    </ClInclude>
  </ItemGroup>
</Project>